
Microsoft Visual Studio Solution File, Format Version 12.00
# Visual Studio Version 17
VisualStudioVersion = 17.10.35013.160
MinimumVisualStudioVersion = 10.0.40219.1
Project("{8BC9CEB8-8B4A-11D0-8D11-00A0C91BC942}") = "AISD7", "AISD7\AISD7.vcxproj", "{9E5E905B-8181-494E-B307-1B5E08F01C8D}"
EndProject
Global
	GlobalSection(SolutionConfigurationPlatforms) = preSolution
		Debug|x64 = Debug|x64
		Debug|x86 = Debug|x86
		Release|x64 = Release|x64
		Release|x86 = Release|x86
	EndGlobalSection
	GlobalSection(ProjectConfigurationPlatforms) = postSolution
		{9E5E905B-8181-494E-B307-1B5E08F01C8D}.Debug|x64.ActiveCfg = Debug|x64
		{9E5E905B-8181-494E-B307-1B5E08F01C8D}.Debug|x64.Build.0 = Debug|x64
		{9E5E905B-8181-494E-B307-1B5E08F01C8D}.Debug|x86.ActiveCfg = Debug|Win32
		{9E5E905B-8181-494E-B307-1B5E08F01C8D}.Debug|x86.Build.0 = Debug|Win32
		{9E5E905B-8181-494E-B307-1B5E08F01C8D}.Release|x64.ActiveCfg = Release|x64
		{9E5E905B-8181-494E-B307-1B5E08F01C8D}.Release|x64.Build.0 = Release|x64
		{9E5E905B-8181-494E-B307-1B5E08F01C8D}.Release|x86.ActiveCfg = Release|Win32
		{9E5E905B-8181-494E-B307-1B5E08F01C8D}.Release|x86.Build.0 = Release|Win32
	EndGlobalSection
	GlobalSection(SolutionProperties) = preSolution
		HideSolutionNode = FALSE
	EndGlobalSection
	GlobalSection(ExtensibilityGlobals) = postSolution
		SolutionGuid = {3D3B788E-C981-4147-A7A4-B11AF3FDD899}
	EndGlobalSection
EndGlobal
