
Microsoft Visual Studio Solution File, Format Version 12.00
# Visual Studio Version 17
VisualStudioVersion = 17.10.35013.160
MinimumVisualStudioVersion = 10.0.40219.1
Project("{FAE04EC0-301F-11D3-BF4B-00C04F79EFBC}") = "lab2OOP", "lab2OOP\lab2OOP.csproj", "{174DC7FF-2B32-4294-9DFD-9199E037E456}"
EndProject
Global
	GlobalSection(SolutionConfigurationPlatforms) = preSolution
		Debug|Any CPU = Debug|Any CPU
		Release|Any CPU = Release|Any CPU
	EndGlobalSection
	GlobalSection(ProjectConfigurationPlatforms) = postSolution
		{174DC7FF-2B32-4294-9DFD-9199E037E456}.Debug|Any CPU.ActiveCfg = Debug|Any CPU
		{174DC7FF-2B32-4294-9DFD-9199E037E456}.Debug|Any CPU.Build.0 = Debug|Any CPU
		{174DC7FF-2B32-4294-9DFD-9199E037E456}.Release|Any CPU.ActiveCfg = Release|Any CPU
		{174DC7FF-2B32-4294-9DFD-9199E037E456}.Release|Any CPU.Build.0 = Release|Any CPU
	EndGlobalSection
	GlobalSection(SolutionProperties) = preSolution
		HideSolutionNode = FALSE
	EndGlobalSection
	GlobalSection(ExtensibilityGlobals) = postSolution
		SolutionGuid = {4D896BAE-E1E4-4D40-8E98-06258BBCCE2C}
	EndGlobalSection
EndGlobal
