
Microsoft Visual Studio Solution File, Format Version 12.00
# Visual Studio Version 17
VisualStudioVersion = 17.14.36109.1 d17.14
MinimumVisualStudioVersion = 10.0.40219.1
Project("{FAE04EC0-301F-11D3-BF4B-00C04F79EFBC}") = "WpfApp1", "WpfApp1\WpfApp1.csproj", "{E220471B-BA46-47C8-891C-833E81F794B7}"
EndProject
Global
	GlobalSection(SolutionConfigurationPlatforms) = preSolution
		Debug|Any CPU = Debug|Any CPU
		Release|Any CPU = Release|Any CPU
	EndGlobalSection
	GlobalSection(ProjectConfigurationPlatforms) = postSolution
		{E220471B-BA46-47C8-891C-833E81F794B7}.Debug|Any CPU.ActiveCfg = Debug|Any CPU
		{E220471B-BA46-47C8-891C-833E81F794B7}.Debug|Any CPU.Build.0 = Debug|Any CPU
		{E220471B-BA46-47C8-891C-833E81F794B7}.Release|Any CPU.ActiveCfg = Release|Any CPU
		{E220471B-BA46-47C8-891C-833E81F794B7}.Release|Any CPU.Build.0 = Release|Any CPU
	EndGlobalSection
	GlobalSection(SolutionProperties) = preSolution
		HideSolutionNode = FALSE
	EndGlobalSection
	GlobalSection(ExtensibilityGlobals) = postSolution
		SolutionGuid = {DE7AB710-ED22-4861-BF1F-1CDEE37595DB}
	EndGlobalSection
EndGlobal
