
Microsoft Visual Studio Solution File, Format Version 12.00
# Visual Studio Version 17
VisualStudioVersion = 17.12.35527.113
MinimumVisualStudioVersion = 10.0.40219.1
Project("{FAE04EC0-301F-11D3-BF4B-00C04F79EFBC}") = "ASPA001", "ASPA001\ASPA001.csproj", "{B96354DE-A9A4-449F-8085-ED42146B8374}"
EndProject
Project("{FAE04EC0-301F-11D3-BF4B-00C04F79EFBC}") = "ASPA002_1", "ASPA002_1\ASPA002_1.csproj", "{2C6FEA1E-6862-888F-FC3B-E9624228E8D7}"
EndProject
Project("{FAE04EC0-301F-11D3-BF4B-00C04F79EFBC}") = "ASPA002_2", "ASPA002_2\ASPA002_2.csproj", "{A5EC89D4-617F-4AB6-8BDC-8ED96F448B5A}"
EndProject
Project("{FAE04EC0-301F-11D3-BF4B-00C04F79EFBC}") = "ASPA002_3", "ASPA002_3\ASPA002_3.csproj", "{3CB93788-629D-40F1-BA44-C3B7AA4D9543}"
EndProject
Project("{FAE04EC0-301F-11D3-BF4B-00C04F79EFBC}") = "DAL003", "DAL003\DAL003.csproj", "{BA08CC3E-5B96-4442-9B50-E8CC50709D0C}"
EndProject
Project("{FAE04EC0-301F-11D3-BF4B-00C04F79EFBC}") = "ASPA003", "ASPA003\ASPA003.csproj", "{9C280C69-1347-432A-A266-5ACFF09032E1}"
EndProject
Project("{FAE04EC0-301F-11D3-BF4B-00C04F79EFBC}") = "TEST_DAL003", "TEST_DAL003\TEST_DAL003.csproj", "{D3E751EA-5563-419D-95D5-C10854DF0544}"
EndProject
Project("{2150E333-8FDC-42A3-9474-1A3956D46DE8}") = "1", "1", "{36D591C7-65C7-A0D1-1CBC-10CDE441BDC8}"
EndProject
Project("{2150E333-8FDC-42A3-9474-1A3956D46DE8}") = "2", "2", "{BF8839D1-560C-4D54-A3B6-DF7C82FF1126}"
EndProject
Project("{2150E333-8FDC-42A3-9474-1A3956D46DE8}") = "3", "3", "{08AEC812-3C37-4F8A-9DEE-F0993CD9A684}"
EndProject
Project("{2150E333-8FDC-42A3-9474-1A3956D46DE8}") = "4", "4", "{93B86DB7-8F81-4AC1-AB87-CA04874BFBCC}"
EndProject
Project("{FAE04EC0-301F-11D3-BF4B-00C04F79EFBC}") = "DAL004", "DAL004\DAL004.csproj", "{7E97E592-A216-4192-AAF7-C34CED761758}"
EndProject
Project("{FAE04EC0-301F-11D3-BF4B-00C04F79EFBC}") = "Test_DAL004", "Test_DAL004\Test_DAL004.csproj", "{A546567C-CD96-4E89-AA8C-3F9BD5EC52C2}"
EndProject
Project("{FAE04EC0-301F-11D3-BF4B-00C04F79EFBC}") = "ASPA004_1", "ASPA004_1\ASPA004_1.csproj", "{66607205-2BC4-4B26-B241-DE86D8F25EE1}"
EndProject
Project("{FAE04EC0-301F-11D3-BF4B-00C04F79EFBC}") = "ASPA004_2", "ASPA004_2\ASPA004_2.csproj", "{52F27DDE-E6AC-4231-9EC7-78C2E0ED6329}"
EndProject
Project("{FAE04EC0-301F-11D3-BF4B-00C04F79EFBC}") = "ASPA004_3", "ASPA004_3\ASPA004_3.csproj", "{CFD86EF6-0754-48C2-BEF0-3D1CE52ED1BF}"
EndProject
Project("{FAE04EC0-301F-11D3-BF4B-00C04F79EFBC}") = "ASPA005_1", "ASPA005_1\ASPA005_1.csproj", "{C5834808-8906-4E86-9920-D8D74C7D8A6F}"
EndProject
Project("{2150E333-8FDC-42A3-9474-1A3956D46DE8}") = "5", "5", "{E6CB1B57-878A-4907-AEB0-8F588D08D04D}"
EndProject
Project("{FAE04EC0-301F-11D3-BF4B-00C04F79EFBC}") = "ASPA005_2", "ASPA005_2\ASPA005_2.csproj", "{DA707681-BB7E-4BED-8048-66E80EFFA367}"
EndProject
Project("{FAE04EC0-301F-11D3-BF4B-00C04F79EFBC}") = "ASPA005_3", "ASPA005_3\ASPA005_3.csproj", "{8A6A69DB-FC25-494B-9B8F-041C9A2B1276}"
EndProject
Project("{FAE04EC0-301F-11D3-BF4B-00C04F79EFBC}") = "Test_ASPA005_3", "Test_ASPA005_3\Test_ASPA005_3.csproj", "{698F1F2D-8EEB-4258-995E-6A39670983E3}"
EndProject
Project("{2150E333-8FDC-42A3-9474-1A3956D46DE8}") = "6", "6", "{DEA93007-847C-466F-A2E0-996A3D723E6B}"
EndProject
Project("{FAE04EC0-301F-11D3-BF4B-00C04F79EFBC}") = "DAL_Celebrity", "DAL_Celebrity\DAL_Celebrity.csproj", "{2BC5456A-6F97-4E80-9578-0A07EE6841CB}"
EndProject
Global
	GlobalSection(SolutionConfigurationPlatforms) = preSolution
		Debug|Any CPU = Debug|Any CPU
		Release|Any CPU = Release|Any CPU
	EndGlobalSection
	GlobalSection(ProjectConfigurationPlatforms) = postSolution
		{B96354DE-A9A4-449F-8085-ED42146B8374}.Debug|Any CPU.ActiveCfg = Debug|Any CPU
		{B96354DE-A9A4-449F-8085-ED42146B8374}.Debug|Any CPU.Build.0 = Debug|Any CPU
		{B96354DE-A9A4-449F-8085-ED42146B8374}.Release|Any CPU.ActiveCfg = Release|Any CPU
		{B96354DE-A9A4-449F-8085-ED42146B8374}.Release|Any CPU.Build.0 = Release|Any CPU
		{2C6FEA1E-6862-888F-FC3B-E9624228E8D7}.Debug|Any CPU.ActiveCfg = Debug|Any CPU
		{2C6FEA1E-6862-888F-FC3B-E9624228E8D7}.Debug|Any CPU.Build.0 = Debug|Any CPU
		{2C6FEA1E-6862-888F-FC3B-E9624228E8D7}.Release|Any CPU.ActiveCfg = Release|Any CPU
		{2C6FEA1E-6862-888F-FC3B-E9624228E8D7}.Release|Any CPU.Build.0 = Release|Any CPU
		{A5EC89D4-617F-4AB6-8BDC-8ED96F448B5A}.Debug|Any CPU.ActiveCfg = Debug|Any CPU
		{A5EC89D4-617F-4AB6-8BDC-8ED96F448B5A}.Debug|Any CPU.Build.0 = Debug|Any CPU
		{A5EC89D4-617F-4AB6-8BDC-8ED96F448B5A}.Release|Any CPU.ActiveCfg = Release|Any CPU
		{A5EC89D4-617F-4AB6-8BDC-8ED96F448B5A}.Release|Any CPU.Build.0 = Release|Any CPU
		{3CB93788-629D-40F1-BA44-C3B7AA4D9543}.Debug|Any CPU.ActiveCfg = Debug|Any CPU
		{3CB93788-629D-40F1-BA44-C3B7AA4D9543}.Debug|Any CPU.Build.0 = Debug|Any CPU
		{3CB93788-629D-40F1-BA44-C3B7AA4D9543}.Release|Any CPU.ActiveCfg = Release|Any CPU
		{3CB93788-629D-40F1-BA44-C3B7AA4D9543}.Release|Any CPU.Build.0 = Release|Any CPU
		{BA08CC3E-5B96-4442-9B50-E8CC50709D0C}.Debug|Any CPU.ActiveCfg = Debug|Any CPU
		{BA08CC3E-5B96-4442-9B50-E8CC50709D0C}.Debug|Any CPU.Build.0 = Debug|Any CPU
		{BA08CC3E-5B96-4442-9B50-E8CC50709D0C}.Release|Any CPU.ActiveCfg = Release|Any CPU
		{BA08CC3E-5B96-4442-9B50-E8CC50709D0C}.Release|Any CPU.Build.0 = Release|Any CPU
		{9C280C69-1347-432A-A266-5ACFF09032E1}.Debug|Any CPU.ActiveCfg = Debug|Any CPU
		{9C280C69-1347-432A-A266-5ACFF09032E1}.Debug|Any CPU.Build.0 = Debug|Any CPU
		{9C280C69-1347-432A-A266-5ACFF09032E1}.Release|Any CPU.ActiveCfg = Release|Any CPU
		{9C280C69-1347-432A-A266-5ACFF09032E1}.Release|Any CPU.Build.0 = Release|Any CPU
		{D3E751EA-5563-419D-95D5-C10854DF0544}.Debug|Any CPU.ActiveCfg = Debug|Any CPU
		{D3E751EA-5563-419D-95D5-C10854DF0544}.Debug|Any CPU.Build.0 = Debug|Any CPU
		{D3E751EA-5563-419D-95D5-C10854DF0544}.Release|Any CPU.ActiveCfg = Release|Any CPU
		{D3E751EA-5563-419D-95D5-C10854DF0544}.Release|Any CPU.Build.0 = Release|Any CPU
		{7E97E592-A216-4192-AAF7-C34CED761758}.Debug|Any CPU.ActiveCfg = Debug|Any CPU
		{7E97E592-A216-4192-AAF7-C34CED761758}.Debug|Any CPU.Build.0 = Debug|Any CPU
		{7E97E592-A216-4192-AAF7-C34CED761758}.Release|Any CPU.ActiveCfg = Release|Any CPU
		{7E97E592-A216-4192-AAF7-C34CED761758}.Release|Any CPU.Build.0 = Release|Any CPU
		{A546567C-CD96-4E89-AA8C-3F9BD5EC52C2}.Debug|Any CPU.ActiveCfg = Debug|Any CPU
		{A546567C-CD96-4E89-AA8C-3F9BD5EC52C2}.Debug|Any CPU.Build.0 = Debug|Any CPU
		{A546567C-CD96-4E89-AA8C-3F9BD5EC52C2}.Release|Any CPU.ActiveCfg = Release|Any CPU
		{A546567C-CD96-4E89-AA8C-3F9BD5EC52C2}.Release|Any CPU.Build.0 = Release|Any CPU
		{66607205-2BC4-4B26-B241-DE86D8F25EE1}.Debug|Any CPU.ActiveCfg = Debug|Any CPU
		{66607205-2BC4-4B26-B241-DE86D8F25EE1}.Debug|Any CPU.Build.0 = Debug|Any CPU
		{66607205-2BC4-4B26-B241-DE86D8F25EE1}.Release|Any CPU.ActiveCfg = Release|Any CPU
		{66607205-2BC4-4B26-B241-DE86D8F25EE1}.Release|Any CPU.Build.0 = Release|Any CPU
		{52F27DDE-E6AC-4231-9EC7-78C2E0ED6329}.Debug|Any CPU.ActiveCfg = Debug|Any CPU
		{52F27DDE-E6AC-4231-9EC7-78C2E0ED6329}.Debug|Any CPU.Build.0 = Debug|Any CPU
		{52F27DDE-E6AC-4231-9EC7-78C2E0ED6329}.Release|Any CPU.ActiveCfg = Release|Any CPU
		{52F27DDE-E6AC-4231-9EC7-78C2E0ED6329}.Release|Any CPU.Build.0 = Release|Any CPU
		{CFD86EF6-0754-48C2-BEF0-3D1CE52ED1BF}.Debug|Any CPU.ActiveCfg = Debug|Any CPU
		{CFD86EF6-0754-48C2-BEF0-3D1CE52ED1BF}.Debug|Any CPU.Build.0 = Debug|Any CPU
		{CFD86EF6-0754-48C2-BEF0-3D1CE52ED1BF}.Release|Any CPU.ActiveCfg = Release|Any CPU
		{CFD86EF6-0754-48C2-BEF0-3D1CE52ED1BF}.Release|Any CPU.Build.0 = Release|Any CPU
		{C5834808-8906-4E86-9920-D8D74C7D8A6F}.Debug|Any CPU.ActiveCfg = Debug|Any CPU
		{C5834808-8906-4E86-9920-D8D74C7D8A6F}.Debug|Any CPU.Build.0 = Debug|Any CPU
		{C5834808-8906-4E86-9920-D8D74C7D8A6F}.Release|Any CPU.ActiveCfg = Release|Any CPU
		{C5834808-8906-4E86-9920-D8D74C7D8A6F}.Release|Any CPU.Build.0 = Release|Any CPU
		{DA707681-BB7E-4BED-8048-66E80EFFA367}.Debug|Any CPU.ActiveCfg = Debug|Any CPU
		{DA707681-BB7E-4BED-8048-66E80EFFA367}.Debug|Any CPU.Build.0 = Debug|Any CPU
		{DA707681-BB7E-4BED-8048-66E80EFFA367}.Release|Any CPU.ActiveCfg = Release|Any CPU
		{DA707681-BB7E-4BED-8048-66E80EFFA367}.Release|Any CPU.Build.0 = Release|Any CPU
		{8A6A69DB-FC25-494B-9B8F-041C9A2B1276}.Debug|Any CPU.ActiveCfg = Debug|Any CPU
		{8A6A69DB-FC25-494B-9B8F-041C9A2B1276}.Debug|Any CPU.Build.0 = Debug|Any CPU
		{8A6A69DB-FC25-494B-9B8F-041C9A2B1276}.Release|Any CPU.ActiveCfg = Release|Any CPU
		{8A6A69DB-FC25-494B-9B8F-041C9A2B1276}.Release|Any CPU.Build.0 = Release|Any CPU
		{698F1F2D-8EEB-4258-995E-6A39670983E3}.Debug|Any CPU.ActiveCfg = Debug|Any CPU
		{698F1F2D-8EEB-4258-995E-6A39670983E3}.Debug|Any CPU.Build.0 = Debug|Any CPU
		{698F1F2D-8EEB-4258-995E-6A39670983E3}.Release|Any CPU.ActiveCfg = Release|Any CPU
		{698F1F2D-8EEB-4258-995E-6A39670983E3}.Release|Any CPU.Build.0 = Release|Any CPU
		{2BC5456A-6F97-4E80-9578-0A07EE6841CB}.Debug|Any CPU.ActiveCfg = Debug|Any CPU
		{2BC5456A-6F97-4E80-9578-0A07EE6841CB}.Debug|Any CPU.Build.0 = Debug|Any CPU
		{2BC5456A-6F97-4E80-9578-0A07EE6841CB}.Release|Any CPU.ActiveCfg = Release|Any CPU
		{2BC5456A-6F97-4E80-9578-0A07EE6841CB}.Release|Any CPU.Build.0 = Release|Any CPU
	EndGlobalSection
	GlobalSection(SolutionProperties) = preSolution
		HideSolutionNode = FALSE
	EndGlobalSection
	GlobalSection(NestedProjects) = preSolution
		{B96354DE-A9A4-449F-8085-ED42146B8374} = {36D591C7-65C7-A0D1-1CBC-10CDE441BDC8}
		{2C6FEA1E-6862-888F-FC3B-E9624228E8D7} = {BF8839D1-560C-4D54-A3B6-DF7C82FF1126}
		{A5EC89D4-617F-4AB6-8BDC-8ED96F448B5A} = {BF8839D1-560C-4D54-A3B6-DF7C82FF1126}
		{3CB93788-629D-40F1-BA44-C3B7AA4D9543} = {BF8839D1-560C-4D54-A3B6-DF7C82FF1126}
		{BA08CC3E-5B96-4442-9B50-E8CC50709D0C} = {08AEC812-3C37-4F8A-9DEE-F0993CD9A684}
		{9C280C69-1347-432A-A266-5ACFF09032E1} = {08AEC812-3C37-4F8A-9DEE-F0993CD9A684}
		{D3E751EA-5563-419D-95D5-C10854DF0544} = {08AEC812-3C37-4F8A-9DEE-F0993CD9A684}
		{7E97E592-A216-4192-AAF7-C34CED761758} = {93B86DB7-8F81-4AC1-AB87-CA04874BFBCC}
		{A546567C-CD96-4E89-AA8C-3F9BD5EC52C2} = {93B86DB7-8F81-4AC1-AB87-CA04874BFBCC}
		{66607205-2BC4-4B26-B241-DE86D8F25EE1} = {93B86DB7-8F81-4AC1-AB87-CA04874BFBCC}
		{52F27DDE-E6AC-4231-9EC7-78C2E0ED6329} = {93B86DB7-8F81-4AC1-AB87-CA04874BFBCC}
		{CFD86EF6-0754-48C2-BEF0-3D1CE52ED1BF} = {93B86DB7-8F81-4AC1-AB87-CA04874BFBCC}
		{C5834808-8906-4E86-9920-D8D74C7D8A6F} = {E6CB1B57-878A-4907-AEB0-8F588D08D04D}
		{DA707681-BB7E-4BED-8048-66E80EFFA367} = {E6CB1B57-878A-4907-AEB0-8F588D08D04D}
		{8A6A69DB-FC25-494B-9B8F-041C9A2B1276} = {E6CB1B57-878A-4907-AEB0-8F588D08D04D}
		{698F1F2D-8EEB-4258-995E-6A39670983E3} = {E6CB1B57-878A-4907-AEB0-8F588D08D04D}
		{2BC5456A-6F97-4E80-9578-0A07EE6841CB} = {DEA93007-847C-466F-A2E0-996A3D723E6B}
	EndGlobalSection
	GlobalSection(ExtensibilityGlobals) = postSolution
		SolutionGuid = {450E3DFE-BD07-47A2-A41B-B724F8108DD4}
	EndGlobalSection
EndGlobal
