
Microsoft Visual Studio Solution File, Format Version 12.00
# Visual Studio Version 17
VisualStudioVersion = 17.10.35013.160
MinimumVisualStudioVersion = 10.0.40219.1
Project("{8BC9CEB8-8B4A-11D0-8D11-00A0C91BC942}") = "AISD6", "AISD6\AISD6.vcxproj", "{227B945A-B186-4772-9C9D-970D23A309D8}"
EndProject
Global
	GlobalSection(SolutionConfigurationPlatforms) = preSolution
		Debug|x64 = Debug|x64
		Debug|x86 = Debug|x86
		Release|x64 = Release|x64
		Release|x86 = Release|x86
	EndGlobalSection
	GlobalSection(ProjectConfigurationPlatforms) = postSolution
		{227B945A-B186-4772-9C9D-970D23A309D8}.Debug|x64.ActiveCfg = Debug|x64
		{227B945A-B186-4772-9C9D-970D23A309D8}.Debug|x64.Build.0 = Debug|x64
		{227B945A-B186-4772-9C9D-970D23A309D8}.Debug|x86.ActiveCfg = Debug|Win32
		{227B945A-B186-4772-9C9D-970D23A309D8}.Debug|x86.Build.0 = Debug|Win32
		{227B945A-B186-4772-9C9D-970D23A309D8}.Release|x64.ActiveCfg = Release|x64
		{227B945A-B186-4772-9C9D-970D23A309D8}.Release|x64.Build.0 = Release|x64
		{227B945A-B186-4772-9C9D-970D23A309D8}.Release|x86.ActiveCfg = Release|Win32
		{227B945A-B186-4772-9C9D-970D23A309D8}.Release|x86.Build.0 = Release|Win32
	EndGlobalSection
	GlobalSection(SolutionProperties) = preSolution
		HideSolutionNode = FALSE
	EndGlobalSection
	GlobalSection(ExtensibilityGlobals) = postSolution
		SolutionGuid = {F365872F-B70C-473A-B53E-64E7731AC634}
	EndGlobalSection
EndGlobal
