
Microsoft Visual Studio Solution File, Format Version 12.00
# Visual Studio Version 17
VisualStudioVersion = 17.14.36616.10
MinimumVisualStudioVersion = 10.0.40219.1
Project("{8BC9CEB8-8B4A-11D0-8D11-00A0C91BC942}") = "OS12_COM", "OS12_COM\OS12_COM.vcxproj", "{20454FEF-C50A-46F7-B05B-DFD39E139183}"
EndProject
Project("{8BC9CEB8-8B4A-11D0-8D11-00A0C91BC942}") = "OS12_02", "OS12_02\OS12_02.vcxproj", "{86E419AD-EA63-444F-A618-BA1FC335EDBD}"
EndProject
Project("{8BC9CEB8-8B4A-11D0-8D11-00A0C91BC942}") = "OS12_LIB", "OS12_LIB\OS12_LIB.vcxproj", "{F41F068D-7034-40F0-8976-7C9ED8AFB865}"
EndProject
Project("{8BC9CEB8-8B4A-11D0-8D11-00A0C91BC942}") = "OS12_04", "OS12_04\OS12_04.vcxproj", "{EDB7D72B-436C-4327-A85B-DF171F533ABF}"
EndProject
Global
	GlobalSection(SolutionConfigurationPlatforms) = preSolution
		Debug|x64 = Debug|x64
		Debug|x86 = Debug|x86
		Release|x64 = Release|x64
		Release|x86 = Release|x86
	EndGlobalSection
	GlobalSection(ProjectConfigurationPlatforms) = postSolution
		{20454FEF-C50A-46F7-B05B-DFD39E139183}.Debug|x64.ActiveCfg = Debug|x64
		{20454FEF-C50A-46F7-B05B-DFD39E139183}.Debug|x64.Build.0 = Debug|x64
		{20454FEF-C50A-46F7-B05B-DFD39E139183}.Debug|x86.ActiveCfg = Debug|Win32
		{20454FEF-C50A-46F7-B05B-DFD39E139183}.Debug|x86.Build.0 = Debug|Win32
		{20454FEF-C50A-46F7-B05B-DFD39E139183}.Release|x64.ActiveCfg = Release|x64
		{20454FEF-C50A-46F7-B05B-DFD39E139183}.Release|x64.Build.0 = Release|x64
		{20454FEF-C50A-46F7-B05B-DFD39E139183}.Release|x86.ActiveCfg = Release|Win32
		{20454FEF-C50A-46F7-B05B-DFD39E139183}.Release|x86.Build.0 = Release|Win32
		{86E419AD-EA63-444F-A618-BA1FC335EDBD}.Debug|x64.ActiveCfg = Debug|x64
		{86E419AD-EA63-444F-A618-BA1FC335EDBD}.Debug|x64.Build.0 = Debug|x64
		{86E419AD-EA63-444F-A618-BA1FC335EDBD}.Debug|x86.ActiveCfg = Debug|Win32
		{86E419AD-EA63-444F-A618-BA1FC335EDBD}.Debug|x86.Build.0 = Debug|Win32
		{86E419AD-EA63-444F-A618-BA1FC335EDBD}.Release|x64.ActiveCfg = Release|x64
		{86E419AD-EA63-444F-A618-BA1FC335EDBD}.Release|x64.Build.0 = Release|x64
		{86E419AD-EA63-444F-A618-BA1FC335EDBD}.Release|x86.ActiveCfg = Release|Win32
		{86E419AD-EA63-444F-A618-BA1FC335EDBD}.Release|x86.Build.0 = Release|Win32
		{F41F068D-7034-40F0-8976-7C9ED8AFB865}.Debug|x64.ActiveCfg = Debug|x64
		{F41F068D-7034-40F0-8976-7C9ED8AFB865}.Debug|x64.Build.0 = Debug|x64
		{F41F068D-7034-40F0-8976-7C9ED8AFB865}.Debug|x86.ActiveCfg = Debug|Win32
		{F41F068D-7034-40F0-8976-7C9ED8AFB865}.Debug|x86.Build.0 = Debug|Win32
		{F41F068D-7034-40F0-8976-7C9ED8AFB865}.Release|x64.ActiveCfg = Release|x64
		{F41F068D-7034-40F0-8976-7C9ED8AFB865}.Release|x64.Build.0 = Release|x64
		{F41F068D-7034-40F0-8976-7C9ED8AFB865}.Release|x86.ActiveCfg = Release|Win32
		{F41F068D-7034-40F0-8976-7C9ED8AFB865}.Release|x86.Build.0 = Release|Win32
		{EDB7D72B-436C-4327-A85B-DF171F533ABF}.Debug|x64.ActiveCfg = Debug|x64
		{EDB7D72B-436C-4327-A85B-DF171F533ABF}.Debug|x64.Build.0 = Debug|x64
		{EDB7D72B-436C-4327-A85B-DF171F533ABF}.Debug|x86.ActiveCfg = Debug|Win32
		{EDB7D72B-436C-4327-A85B-DF171F533ABF}.Debug|x86.Build.0 = Debug|Win32
		{EDB7D72B-436C-4327-A85B-DF171F533ABF}.Release|x64.ActiveCfg = Release|x64
		{EDB7D72B-436C-4327-A85B-DF171F533ABF}.Release|x64.Build.0 = Release|x64
		{EDB7D72B-436C-4327-A85B-DF171F533ABF}.Release|x86.ActiveCfg = Release|Win32
		{EDB7D72B-436C-4327-A85B-DF171F533ABF}.Release|x86.Build.0 = Release|Win32
	EndGlobalSection
	GlobalSection(SolutionProperties) = preSolution
		HideSolutionNode = FALSE
	EndGlobalSection
	GlobalSection(ExtensibilityGlobals) = postSolution
		SolutionGuid = {3DC63249-BCB7-4EF9-9547-E786F1868B1A}
	EndGlobalSection
EndGlobal
