
Microsoft Visual Studio Solution File, Format Version 12.00
# Visual Studio Version 17
VisualStudioVersion = 17.14.36616.10
MinimumVisualStudioVersion = 10.0.40219.1
Project("{8BC9CEB8-8B4A-11D0-8D11-00A0C91BC942}") = "13-01", "13-01\13-01.vcxproj", "{9798A7F1-5203-47EF-89D4-0F4D3FD8A93C}"
EndProject
Project("{8BC9CEB8-8B4A-11D0-8D11-00A0C91BC942}") = "13-02", "13-02\13-02.vcxproj", "{245B402F-9837-4AE1-90F6-241FAE4BF6B2}"
EndProject
Project("{8BC9CEB8-8B4A-11D0-8D11-00A0C91BC942}") = "13-09", "13-09\13-09.vcxproj", "{68109B31-CFB8-479C-87C8-B2D6208A4D52}"
EndProject
Project("{8BC9CEB8-8B4A-11D0-8D11-00A0C91BC942}") = "13-10", "13-10\13-10.vcxproj", "{34C8539A-CF2A-47A5-9630-1579B03A4BD2}"
EndProject
Global
	GlobalSection(SolutionConfigurationPlatforms) = preSolution
		Debug|x64 = Debug|x64
		Debug|x86 = Debug|x86
		Release|x64 = Release|x64
		Release|x86 = Release|x86
	EndGlobalSection
	GlobalSection(ProjectConfigurationPlatforms) = postSolution
		{9798A7F1-5203-47EF-89D4-0F4D3FD8A93C}.Debug|x64.ActiveCfg = Debug|x64
		{9798A7F1-5203-47EF-89D4-0F4D3FD8A93C}.Debug|x64.Build.0 = Debug|x64
		{9798A7F1-5203-47EF-89D4-0F4D3FD8A93C}.Debug|x86.ActiveCfg = Debug|Win32
		{9798A7F1-5203-47EF-89D4-0F4D3FD8A93C}.Debug|x86.Build.0 = Debug|Win32
		{9798A7F1-5203-47EF-89D4-0F4D3FD8A93C}.Release|x64.ActiveCfg = Release|x64
		{9798A7F1-5203-47EF-89D4-0F4D3FD8A93C}.Release|x64.Build.0 = Release|x64
		{9798A7F1-5203-47EF-89D4-0F4D3FD8A93C}.Release|x86.ActiveCfg = Release|Win32
		{9798A7F1-5203-47EF-89D4-0F4D3FD8A93C}.Release|x86.Build.0 = Release|Win32
		{245B402F-9837-4AE1-90F6-241FAE4BF6B2}.Debug|x64.ActiveCfg = Debug|x64
		{245B402F-9837-4AE1-90F6-241FAE4BF6B2}.Debug|x64.Build.0 = Debug|x64
		{245B402F-9837-4AE1-90F6-241FAE4BF6B2}.Debug|x86.ActiveCfg = Debug|Win32
		{245B402F-9837-4AE1-90F6-241FAE4BF6B2}.Debug|x86.Build.0 = Debug|Win32
		{245B402F-9837-4AE1-90F6-241FAE4BF6B2}.Release|x64.ActiveCfg = Release|x64
		{245B402F-9837-4AE1-90F6-241FAE4BF6B2}.Release|x64.Build.0 = Release|x64
		{245B402F-9837-4AE1-90F6-241FAE4BF6B2}.Release|x86.ActiveCfg = Release|Win32
		{245B402F-9837-4AE1-90F6-241FAE4BF6B2}.Release|x86.Build.0 = Release|Win32
		{68109B31-CFB8-479C-87C8-B2D6208A4D52}.Debug|x64.ActiveCfg = Debug|x64
		{68109B31-CFB8-479C-87C8-B2D6208A4D52}.Debug|x64.Build.0 = Debug|x64
		{68109B31-CFB8-479C-87C8-B2D6208A4D52}.Debug|x86.ActiveCfg = Debug|Win32
		{68109B31-CFB8-479C-87C8-B2D6208A4D52}.Debug|x86.Build.0 = Debug|Win32
		{68109B31-CFB8-479C-87C8-B2D6208A4D52}.Release|x64.ActiveCfg = Release|x64
		{68109B31-CFB8-479C-87C8-B2D6208A4D52}.Release|x64.Build.0 = Release|x64
		{68109B31-CFB8-479C-87C8-B2D6208A4D52}.Release|x86.ActiveCfg = Release|Win32
		{68109B31-CFB8-479C-87C8-B2D6208A4D52}.Release|x86.Build.0 = Release|Win32
		{34C8539A-CF2A-47A5-9630-1579B03A4BD2}.Debug|x64.ActiveCfg = Debug|x64
		{34C8539A-CF2A-47A5-9630-1579B03A4BD2}.Debug|x64.Build.0 = Debug|x64
		{34C8539A-CF2A-47A5-9630-1579B03A4BD2}.Debug|x86.ActiveCfg = Debug|Win32
		{34C8539A-CF2A-47A5-9630-1579B03A4BD2}.Debug|x86.Build.0 = Debug|Win32
		{34C8539A-CF2A-47A5-9630-1579B03A4BD2}.Release|x64.ActiveCfg = Release|x64
		{34C8539A-CF2A-47A5-9630-1579B03A4BD2}.Release|x64.Build.0 = Release|x64
		{34C8539A-CF2A-47A5-9630-1579B03A4BD2}.Release|x86.ActiveCfg = Release|Win32
		{34C8539A-CF2A-47A5-9630-1579B03A4BD2}.Release|x86.Build.0 = Release|Win32
	EndGlobalSection
	GlobalSection(SolutionProperties) = preSolution
		HideSolutionNode = FALSE
	EndGlobalSection
	GlobalSection(ExtensibilityGlobals) = postSolution
		SolutionGuid = {73030270-13B6-4BF4-BE8D-55C5A45EA801}
	EndGlobalSection
EndGlobal
