
Microsoft Visual Studio Solution File, Format Version 12.00
# Visual Studio Version 17
VisualStudioVersion = 17.14.36212.18
MinimumVisualStudioVersion = 10.0.40219.1
Project("{FAE04EC0-301F-11D3-BF4B-00C04F79EFBC}") = "ASPA_0010", "ASPA_0010_1\ASPA_0010.csproj", "{4860623C-BE80-48D9-AF77-84EDAB89F8F1}"
EndProject
Project("{FAE04EC0-301F-11D3-BF4B-00C04F79EFBC}") = "ResultsCollection", "ResultsCollection\ResultsCollection.csproj", "{A1A3FA06-C860-4E14-8310-1D5247310FA1}"
EndProject
Project("{FAE04EC0-301F-11D3-BF4B-00C04F79EFBC}") = "ResultsAuthenticate", "ResultsAuthenticate\ResultsAuthenticate.csproj", "{F8377DAB-A7A1-4A00-A9C1-2779E6ED6CC4}"
EndProject
Project("{FAE04EC0-301F-11D3-BF4B-00C04F79EFBC}") = "ASPA_0011_1", "ASPA_0011_API\ASPA_0011_1.csproj", "{89B6EC24-4270-EF77-B425-6D6D181A9702}"
EndProject
Global
	GlobalSection(SolutionConfigurationPlatforms) = preSolution
		Debug|Any CPU = Debug|Any CPU
		Release|Any CPU = Release|Any CPU
	EndGlobalSection
	GlobalSection(ProjectConfigurationPlatforms) = postSolution
		{4860623C-BE80-48D9-AF77-84EDAB89F8F1}.Debug|Any CPU.ActiveCfg = Debug|Any CPU
		{4860623C-BE80-48D9-AF77-84EDAB89F8F1}.Debug|Any CPU.Build.0 = Debug|Any CPU
		{4860623C-BE80-48D9-AF77-84EDAB89F8F1}.Release|Any CPU.ActiveCfg = Release|Any CPU
		{4860623C-BE80-48D9-AF77-84EDAB89F8F1}.Release|Any CPU.Build.0 = Release|Any CPU
		{A1A3FA06-C860-4E14-8310-1D5247310FA1}.Debug|Any CPU.ActiveCfg = Debug|Any CPU
		{A1A3FA06-C860-4E14-8310-1D5247310FA1}.Debug|Any CPU.Build.0 = Debug|Any CPU
		{A1A3FA06-C860-4E14-8310-1D5247310FA1}.Release|Any CPU.ActiveCfg = Release|Any CPU
		{A1A3FA06-C860-4E14-8310-1D5247310FA1}.Release|Any CPU.Build.0 = Release|Any CPU
		{F8377DAB-A7A1-4A00-A9C1-2779E6ED6CC4}.Debug|Any CPU.ActiveCfg = Debug|Any CPU
		{F8377DAB-A7A1-4A00-A9C1-2779E6ED6CC4}.Debug|Any CPU.Build.0 = Debug|Any CPU
		{F8377DAB-A7A1-4A00-A9C1-2779E6ED6CC4}.Release|Any CPU.ActiveCfg = Release|Any CPU
		{F8377DAB-A7A1-4A00-A9C1-2779E6ED6CC4}.Release|Any CPU.Build.0 = Release|Any CPU
		{89B6EC24-4270-EF77-B425-6D6D181A9702}.Debug|Any CPU.ActiveCfg = Debug|Any CPU
		{89B6EC24-4270-EF77-B425-6D6D181A9702}.Debug|Any CPU.Build.0 = Debug|Any CPU
		{89B6EC24-4270-EF77-B425-6D6D181A9702}.Release|Any CPU.ActiveCfg = Release|Any CPU
		{89B6EC24-4270-EF77-B425-6D6D181A9702}.Release|Any CPU.Build.0 = Release|Any CPU
	EndGlobalSection
	GlobalSection(SolutionProperties) = preSolution
		HideSolutionNode = FALSE
	EndGlobalSection
	GlobalSection(ExtensibilityGlobals) = postSolution
		SolutionGuid = {60600EFA-FC2D-4F9C-B14E-FE1A9B161408}
	EndGlobalSection
EndGlobal
