
Microsoft Visual Studio Solution File, Format Version 12.00
# Visual Studio Version 17
VisualStudioVersion = 17.14.36109.1 d17.14
MinimumVisualStudioVersion = 10.0.40219.1
Project("{FAE04EC0-301F-11D3-BF4B-00C04F79EFBC}") = "131", "131\131.csproj", "{1FCBCBEE-2580-4D8B-A77A-DC4474FF5D49}"
EndProject
Global
	GlobalSection(SolutionConfigurationPlatforms) = preSolution
		Debug|Any CPU = Debug|Any CPU
		Release|Any CPU = Release|Any CPU
	EndGlobalSection
	GlobalSection(ProjectConfigurationPlatforms) = postSolution
		{1FCBCBEE-2580-4D8B-A77A-DC4474FF5D49}.Debug|Any CPU.ActiveCfg = Debug|Any CPU
		{1FCBCBEE-2580-4D8B-A77A-DC4474FF5D49}.Debug|Any CPU.Build.0 = Debug|Any CPU
		{1FCBCBEE-2580-4D8B-A77A-DC4474FF5D49}.Release|Any CPU.ActiveCfg = Release|Any CPU
		{1FCBCBEE-2580-4D8B-A77A-DC4474FF5D49}.Release|Any CPU.Build.0 = Release|Any CPU
	EndGlobalSection
	GlobalSection(SolutionProperties) = preSolution
		HideSolutionNode = FALSE
	EndGlobalSection
	GlobalSection(ExtensibilityGlobals) = postSolution
		SolutionGuid = {0E291542-E769-485E-BA7B-7C647D339B00}
	EndGlobalSection
EndGlobal
