
Microsoft Visual Studio Solution File, Format Version 12.00
# Visual Studio Version 17
VisualStudioVersion = 17.14.36109.1 d17.14
MinimumVisualStudioVersion = 10.0.40219.1
Project("{FAE04EC0-301F-11D3-BF4B-00C04F79EFBC}") = "6", "6\6.csproj", "{CFE39C9A-BF8F-43B9-AC03-12E1EBC25B1A}"
EndProject
Global
	GlobalSection(SolutionConfigurationPlatforms) = preSolution
		Debug|Any CPU = Debug|Any CPU
		Release|Any CPU = Release|Any CPU
	EndGlobalSection
	GlobalSection(ProjectConfigurationPlatforms) = postSolution
		{CFE39C9A-BF8F-43B9-AC03-12E1EBC25B1A}.Debug|Any CPU.ActiveCfg = Debug|Any CPU
		{CFE39C9A-BF8F-43B9-AC03-12E1EBC25B1A}.Debug|Any CPU.Build.0 = Debug|Any CPU
		{CFE39C9A-BF8F-43B9-AC03-12E1EBC25B1A}.Release|Any CPU.ActiveCfg = Release|Any CPU
		{CFE39C9A-BF8F-43B9-AC03-12E1EBC25B1A}.Release|Any CPU.Build.0 = Release|Any CPU
	EndGlobalSection
	GlobalSection(SolutionProperties) = preSolution
		HideSolutionNode = FALSE
	EndGlobalSection
	GlobalSection(ExtensibilityGlobals) = postSolution
		SolutionGuid = {C45E4AED-B303-4E70-8C0A-BCF2C9841857}
	EndGlobalSection
EndGlobal
